
Microsoft Visual Studio Solution File, Format Version 12.00
# Visual Studio 15
VisualStudioVersion = 15.0.26730.8
MinimumVisualStudioVersion = 10.0.40219.1
Project("{FAE04EC0-301F-11D3-BF4B-00C04F79EFBC}") = "DiKo", "DiKo\DiKo.csproj", "{422BF61F-9D01-4EB0-8530-DB5459C06271}"
EndProject
Global
	GlobalSection(SolutionConfigurationPlatforms) = preSolution
		Debug|Any CPU = Debug|Any CPU
		Release|Any CPU = Release|Any CPU
	EndGlobalSection
	GlobalSection(ProjectConfigurationPlatforms) = postSolution
		{422BF61F-9D01-4EB0-8530-DB5459C06271}.Debug|Any CPU.ActiveCfg = Debug|Any CPU
		{422BF61F-9D01-4EB0-8530-DB5459C06271}.Debug|Any CPU.Build.0 = Debug|Any CPU
		{422BF61F-9D01-4EB0-8530-DB5459C06271}.Release|Any CPU.ActiveCfg = Release|Any CPU
		{422BF61F-9D01-4EB0-8530-DB5459C06271}.Release|Any CPU.Build.0 = Release|Any CPU
	EndGlobalSection
	GlobalSection(SolutionProperties) = preSolution
		HideSolutionNode = FALSE
	EndGlobalSection
	GlobalSection(ExtensibilityGlobals) = postSolution
		SolutionGuid = {5F31F628-A259-454A-A4A7-1DE56EEAEC93}
	EndGlobalSection
EndGlobal
